// !$*UTF8*$!
{
	archiveVersion = 1;
	classes = {
	};
	objectVersion = 51;
	objects = {

/* Begin PBXBuildFile section */
		0BABF32293A9969075A255C5 /* Pods_flixster.framework in Frameworks */ = {isa = PBXBuildFile; fileRef = 2607A0A99222F4DF37B76105 /* Pods_flixster.framework */; };
		63AC6D10E9237A3D060E6589 /* Pods_flixsterTests.framework in Frameworks */ = {isa = PBXBuildFile; fileRef = 32E68C7B377782A6C7265208 /* Pods_flixsterTests.framework */; };
		8A85435EA5781E55426BBC2D /* Pods_flixster_flixsterUITests.framework in Frameworks */ = {isa = PBXBuildFile; fileRef = 21209B7A7E5BB0B88D1F32FD /* Pods_flixster_flixsterUITests.framework */; };
		DC4CBF8826F7F73200274AFD /* AppDelegate.swift in Sources */ = {isa = PBXBuildFile; fileRef = DC4CBF8726F7F73200274AFD /* AppDelegate.swift */; };
		DC4CBF8A26F7F73200274AFD /* SceneDelegate.swift in Sources */ = {isa = PBXBuildFile; fileRef = DC4CBF8926F7F73200274AFD /* SceneDelegate.swift */; };
		DC4CBF8F26F7F73200274AFD /* Main.storyboard in Resources */ = {isa = PBXBuildFile; fileRef = DC4CBF8D26F7F73200274AFD /* Main.storyboard */; };
		DC4CBF9126F7F73400274AFD /* Assets.xcassets in Resources */ = {isa = PBXBuildFile; fileRef = DC4CBF9026F7F73400274AFD /* Assets.xcassets */; };
		DC4CBF9426F7F73400274AFD /* LaunchScreen.storyboard in Resources */ = {isa = PBXBuildFile; fileRef = DC4CBF9226F7F73400274AFD /* LaunchScreen.storyboard */; };
		DC4CBF9F26F7F73500274AFD /* flixsterTests.swift in Sources */ = {isa = PBXBuildFile; fileRef = DC4CBF9E26F7F73500274AFD /* flixsterTests.swift */; };
		DC4CBFAA26F7F73500274AFD /* flixsterUITests.swift in Sources */ = {isa = PBXBuildFile; fileRef = DC4CBFA926F7F73500274AFD /* flixsterUITests.swift */; };
		DC4CBFB826F7F98900274AFD /* MoviesViewController.swift in Sources */ = {isa = PBXBuildFile; fileRef = DC4CBFB726F7F98900274AFD /* MoviesViewController.swift */; };
		DCEFDF8A26F80EA500A255F4 /* MovieCell.swift in Sources */ = {isa = PBXBuildFile; fileRef = DCEFDF8926F80EA500A255F4 /* MovieCell.swift */; };
		DCEFDF8C26F820B200A255F4 /* MovieDetailsViewController.swift in Sources */ = {isa = PBXBuildFile; fileRef = DCEFDF8B26F820B200A255F4 /* MovieDetailsViewController.swift */; };
		DCEFDF8E26F82BDF00A255F4 /* MovieGridViewController.swift in Sources */ = {isa = PBXBuildFile; fileRef = DCEFDF8D26F82BDF00A255F4 /* MovieGridViewController.swift */; };
		DCEFDF9026F8311000A255F4 /* MovieGridCell.swift in Sources */ = {isa = PBXBuildFile; fileRef = DCEFDF8F26F8311000A255F4 /* MovieGridCell.swift */; };
/* End PBXBuildFile section */

/* Begin PBXContainerItemProxy section */
		DC4CBF9B26F7F73500274AFD /* PBXContainerItemProxy */ = {
			isa = PBXContainerItemProxy;
			containerPortal = DC4CBF7C26F7F73200274AFD /* Project object */;
			proxyType = 1;
			remoteGlobalIDString = DC4CBF8326F7F73200274AFD;
			remoteInfo = flixster;
		};
		DC4CBFA626F7F73500274AFD /* PBXContainerItemProxy */ = {
			isa = PBXContainerItemProxy;
			containerPortal = DC4CBF7C26F7F73200274AFD /* Project object */;
			proxyType = 1;
			remoteGlobalIDString = DC4CBF8326F7F73200274AFD;
			remoteInfo = flixster;
		};
/* End PBXContainerItemProxy section */

/* Begin PBXFileReference section */
		0C3F852BD9C1146C7D320A2B /* Pods-flixsterTests.debug.xcconfig */ = {isa = PBXFileReference; includeInIndex = 1; lastKnownFileType = text.xcconfig; name = "Pods-flixsterTests.debug.xcconfig"; path = "Target Support Files/Pods-flixsterTests/Pods-flixsterTests.debug.xcconfig"; sourceTree = "<group>"; };
		12A092BAA2752C774D387BEC /* Pods-flixster-flixsterUITests.debug.xcconfig */ = {isa = PBXFileReference; includeInIndex = 1; lastKnownFileType = text.xcconfig; name = "Pods-flixster-flixsterUITests.debug.xcconfig"; path = "Target Support Files/Pods-flixster-flixsterUITests/Pods-flixster-flixsterUITests.debug.xcconfig"; sourceTree = "<group>"; };
		21209B7A7E5BB0B88D1F32FD /* Pods_flixster_flixsterUITests.framework */ = {isa = PBXFileReference; explicitFileType = wrapper.framework; includeInIndex = 0; path = Pods_flixster_flixsterUITests.framework; sourceTree = BUILT_PRODUCTS_DIR; };
		2607A0A99222F4DF37B76105 /* Pods_flixster.framework */ = {isa = PBXFileReference; explicitFileType = wrapper.framework; includeInIndex = 0; path = Pods_flixster.framework; sourceTree = BUILT_PRODUCTS_DIR; };
		32E68C7B377782A6C7265208 /* Pods_flixsterTests.framework */ = {isa = PBXFileReference; explicitFileType = wrapper.framework; includeInIndex = 0; path = Pods_flixsterTests.framework; sourceTree = BUILT_PRODUCTS_DIR; };
		8E2B525F16122F4F9B3CB0BC /* Pods-flixster.release.xcconfig */ = {isa = PBXFileReference; includeInIndex = 1; lastKnownFileType = text.xcconfig; name = "Pods-flixster.release.xcconfig"; path = "Target Support Files/Pods-flixster/Pods-flixster.release.xcconfig"; sourceTree = "<group>"; };
		90B0302F3CC65AA25C169025 /* Pods-flixster-flixsterUITests.release.xcconfig */ = {isa = PBXFileReference; includeInIndex = 1; lastKnownFileType = text.xcconfig; name = "Pods-flixster-flixsterUITests.release.xcconfig"; path = "Target Support Files/Pods-flixster-flixsterUITests/Pods-flixster-flixsterUITests.release.xcconfig"; sourceTree = "<group>"; };
		9B362140ABCB385CA0593F65 /* Pods-flixsterTests.release.xcconfig */ = {isa = PBXFileReference; includeInIndex = 1; lastKnownFileType = text.xcconfig; name = "Pods-flixsterTests.release.xcconfig"; path = "Target Support Files/Pods-flixsterTests/Pods-flixsterTests.release.xcconfig"; sourceTree = "<group>"; };
		B07CEAF1DBE05D9ECE6E744D /* Pods-flixster.debug.xcconfig */ = {isa = PBXFileReference; includeInIndex = 1; lastKnownFileType = text.xcconfig; name = "Pods-flixster.debug.xcconfig"; path = "Target Support Files/Pods-flixster/Pods-flixster.debug.xcconfig"; sourceTree = "<group>"; };
		DC4CBF8426F7F73200274AFD /* flixster.app */ = {isa = PBXFileReference; explicitFileType = wrapper.application; includeInIndex = 0; path = flixster.app; sourceTree = BUILT_PRODUCTS_DIR; };
		DC4CBF8726F7F73200274AFD /* AppDelegate.swift */ = {isa = PBXFileReference; lastKnownFileType = sourcecode.swift; path = AppDelegate.swift; sourceTree = "<group>"; };
		DC4CBF8926F7F73200274AFD /* SceneDelegate.swift */ = {isa = PBXFileReference; lastKnownFileType = sourcecode.swift; path = SceneDelegate.swift; sourceTree = "<group>"; };
		DC4CBF8E26F7F73200274AFD /* Base */ = {isa = PBXFileReference; lastKnownFileType = file.storyboard; name = Base; path = Base.lproj/Main.storyboard; sourceTree = "<group>"; };
		DC4CBF9026F7F73400274AFD /* Assets.xcassets */ = {isa = PBXFileReference; lastKnownFileType = folder.assetcatalog; path = Assets.xcassets; sourceTree = "<group>"; };
		DC4CBF9326F7F73400274AFD /* Base */ = {isa = PBXFileReference; lastKnownFileType = file.storyboard; name = Base; path = Base.lproj/LaunchScreen.storyboard; sourceTree = "<group>"; };
		DC4CBF9526F7F73400274AFD /* Info.plist */ = {isa = PBXFileReference; lastKnownFileType = text.plist.xml; path = Info.plist; sourceTree = "<group>"; };
		DC4CBF9A26F7F73500274AFD /* flixsterTests.xctest */ = {isa = PBXFileReference; explicitFileType = wrapper.cfbundle; includeInIndex = 0; path = flixsterTests.xctest; sourceTree = BUILT_PRODUCTS_DIR; };
		DC4CBF9E26F7F73500274AFD /* flixsterTests.swift */ = {isa = PBXFileReference; lastKnownFileType = sourcecode.swift; path = flixsterTests.swift; sourceTree = "<group>"; };
		DC4CBFA026F7F73500274AFD /* Info.plist */ = {isa = PBXFileReference; lastKnownFileType = text.plist.xml; path = Info.plist; sourceTree = "<group>"; };
		DC4CBFA526F7F73500274AFD /* flixsterUITests.xctest */ = {isa = PBXFileReference; explicitFileType = wrapper.cfbundle; includeInIndex = 0; path = flixsterUITests.xctest; sourceTree = BUILT_PRODUCTS_DIR; };
		DC4CBFA926F7F73500274AFD /* flixsterUITests.swift */ = {isa = PBXFileReference; lastKnownFileType = sourcecode.swift; path = flixsterUITests.swift; sourceTree = "<group>"; };
		DC4CBFAB26F7F73500274AFD /* Info.plist */ = {isa = PBXFileReference; lastKnownFileType = text.plist.xml; path = Info.plist; sourceTree = "<group>"; };
		DC4CBFB726F7F98900274AFD /* MoviesViewController.swift */ = {isa = PBXFileReference; lastKnownFileType = sourcecode.swift; path = MoviesViewController.swift; sourceTree = "<group>"; };
		DCEFDF8926F80EA500A255F4 /* MovieCell.swift */ = {isa = PBXFileReference; lastKnownFileType = sourcecode.swift; path = MovieCell.swift; sourceTree = "<group>"; };
		DCEFDF8B26F820B200A255F4 /* MovieDetailsViewController.swift */ = {isa = PBXFileReference; lastKnownFileType = sourcecode.swift; path = MovieDetailsViewController.swift; sourceTree = "<group>"; };
		DCEFDF8D26F82BDF00A255F4 /* MovieGridViewController.swift */ = {isa = PBXFileReference; lastKnownFileType = sourcecode.swift; path = MovieGridViewController.swift; sourceTree = "<group>"; };
		DCEFDF8F26F8311000A255F4 /* MovieGridCell.swift */ = {isa = PBXFileReference; lastKnownFileType = sourcecode.swift; path = MovieGridCell.swift; sourceTree = "<group>"; };
/* End PBXFileReference section */

/* Begin PBXFrameworksBuildPhase section */
		DC4CBF8126F7F73200274AFD /* Frameworks */ = {
			isa = PBXFrameworksBuildPhase;
			buildActionMask = 2147483647;
			files = (
				0BABF32293A9969075A255C5 /* Pods_flixster.framework in Frameworks */,
			);
			runOnlyForDeploymentPostprocessing = 0;
		};
		DC4CBF9726F7F73500274AFD /* Frameworks */ = {
			isa = PBXFrameworksBuildPhase;
			buildActionMask = 2147483647;
			files = (
				63AC6D10E9237A3D060E6589 /* Pods_flixsterTests.framework in Frameworks */,
			);
			runOnlyForDeploymentPostprocessing = 0;
		};
		DC4CBFA226F7F73500274AFD /* Frameworks */ = {
			isa = PBXFrameworksBuildPhase;
			buildActionMask = 2147483647;
			files = (
				8A85435EA5781E55426BBC2D /* Pods_flixster_flixsterUITests.framework in Frameworks */,
			);
			runOnlyForDeploymentPostprocessing = 0;
		};
/* End PBXFrameworksBuildPhase section */

/* Begin PBXGroup section */
		5F8EBA2AA1AF55E8FC8ED00F /* Pods */ = {
			isa = PBXGroup;
			children = (
				B07CEAF1DBE05D9ECE6E744D /* Pods-flixster.debug.xcconfig */,
				8E2B525F16122F4F9B3CB0BC /* Pods-flixster.release.xcconfig */,
				12A092BAA2752C774D387BEC /* Pods-flixster-flixsterUITests.debug.xcconfig */,
				90B0302F3CC65AA25C169025 /* Pods-flixster-flixsterUITests.release.xcconfig */,
				0C3F852BD9C1146C7D320A2B /* Pods-flixsterTests.debug.xcconfig */,
				9B362140ABCB385CA0593F65 /* Pods-flixsterTests.release.xcconfig */,
			);
			path = Pods;
			sourceTree = "<group>";
		};
		898F36A572F4F62D41BE8D7E /* Frameworks */ = {
			isa = PBXGroup;
			children = (
				2607A0A99222F4DF37B76105 /* Pods_flixster.framework */,
				21209B7A7E5BB0B88D1F32FD /* Pods_flixster_flixsterUITests.framework */,
				32E68C7B377782A6C7265208 /* Pods_flixsterTests.framework */,
			);
			name = Frameworks;
			sourceTree = "<group>";
		};
		DC4CBF7B26F7F73200274AFD = {
			isa = PBXGroup;
			children = (
				DC4CBF8626F7F73200274AFD /* flixster */,
				DC4CBF9D26F7F73500274AFD /* flixsterTests */,
				DC4CBFA826F7F73500274AFD /* flixsterUITests */,
				DC4CBF8526F7F73200274AFD /* Products */,
				5F8EBA2AA1AF55E8FC8ED00F /* Pods */,
				898F36A572F4F62D41BE8D7E /* Frameworks */,
			);
			sourceTree = "<group>";
		};
		DC4CBF8526F7F73200274AFD /* Products */ = {
			isa = PBXGroup;
			children = (
				DC4CBF8426F7F73200274AFD /* flixster.app */,
				DC4CBF9A26F7F73500274AFD /* flixsterTests.xctest */,
				DC4CBFA526F7F73500274AFD /* flixsterUITests.xctest */,
			);
			name = Products;
			sourceTree = "<group>";
		};
		DC4CBF8626F7F73200274AFD /* flixster */ = {
			isa = PBXGroup;
			children = (
				DC4CBF8726F7F73200274AFD /* AppDelegate.swift */,
				DC4CBF8926F7F73200274AFD /* SceneDelegate.swift */,
				DC4CBF8D26F7F73200274AFD /* Main.storyboard */,
				DCEFDF8B26F820B200A255F4 /* MovieDetailsViewController.swift */,
				DCEFDF8926F80EA500A255F4 /* MovieCell.swift */,
				DC4CBF9026F7F73400274AFD /* Assets.xcassets */,
				DC4CBF9226F7F73400274AFD /* LaunchScreen.storyboard */,
				DC4CBF9526F7F73400274AFD /* Info.plist */,
				DC4CBFB726F7F98900274AFD /* MoviesViewController.swift */,
				DCEFDF8D26F82BDF00A255F4 /* MovieGridViewController.swift */,
				DCEFDF8F26F8311000A255F4 /* MovieGridCell.swift */,
			);
			path = flixster;
			sourceTree = "<group>";
		};
		DC4CBF9D26F7F73500274AFD /* flixsterTests */ = {
			isa = PBXGroup;
			children = (
				DC4CBF9E26F7F73500274AFD /* flixsterTests.swift */,
				DC4CBFA026F7F73500274AFD /* Info.plist */,
			);
			path = flixsterTests;
			sourceTree = "<group>";
		};
		DC4CBFA826F7F73500274AFD /* flixsterUITests */ = {
			isa = PBXGroup;
			children = (
				DC4CBFA926F7F73500274AFD /* flixsterUITests.swift */,
				DC4CBFAB26F7F73500274AFD /* Info.plist */,
			);
			path = flixsterUITests;
			sourceTree = "<group>";
		};
/* End PBXGroup section */

/* Begin PBXNativeTarget section */
		DC4CBF8326F7F73200274AFD /* flixster */ = {
			isa = PBXNativeTarget;
			buildConfigurationList = DC4CBFAE26F7F73500274AFD /* Build configuration list for PBXNativeTarget "flixster" */;
			buildPhases = (
				B515FB1738641B2F7CC17B4E /* [CP] Check Pods Manifest.lock */,
				DC4CBF8026F7F73200274AFD /* Sources */,
				DC4CBF8126F7F73200274AFD /* Frameworks */,
				DC4CBF8226F7F73200274AFD /* Resources */,
				A9A15181DD4A1FA768FF4FFE /* [CP] Embed Pods Frameworks */,
			);
			buildRules = (
			);
			dependencies = (
			);
			name = flixster;
			productName = flixster;
			productReference = DC4CBF8426F7F73200274AFD /* flixster.app */;
			productType = "com.apple.product-type.application";
		};
		DC4CBF9926F7F73500274AFD /* flixsterTests */ = {
			isa = PBXNativeTarget;
			buildConfigurationList = DC4CBFB126F7F73500274AFD /* Build configuration list for PBXNativeTarget "flixsterTests" */;
			buildPhases = (
				E6323FA97287E6F001AD75B5 /* [CP] Check Pods Manifest.lock */,
				DC4CBF9626F7F73500274AFD /* Sources */,
				DC4CBF9726F7F73500274AFD /* Frameworks */,
				DC4CBF9826F7F73500274AFD /* Resources */,
			);
			buildRules = (
			);
			dependencies = (
				DC4CBF9C26F7F73500274AFD /* PBXTargetDependency */,
			);
			name = flixsterTests;
			productName = flixsterTests;
			productReference = DC4CBF9A26F7F73500274AFD /* flixsterTests.xctest */;
			productType = "com.apple.product-type.bundle.unit-test";
		};
		DC4CBFA426F7F73500274AFD /* flixsterUITests */ = {
			isa = PBXNativeTarget;
			buildConfigurationList = DC4CBFB426F7F73500274AFD /* Build configuration list for PBXNativeTarget "flixsterUITests" */;
			buildPhases = (
				3EFEC917142F5B6CFD5C73D4 /* [CP] Check Pods Manifest.lock */,
				DC4CBFA126F7F73500274AFD /* Sources */,
				DC4CBFA226F7F73500274AFD /* Frameworks */,
				DC4CBFA326F7F73500274AFD /* Resources */,
				0E0C28DBD3BF1C46FFB96A2D /* [CP] Embed Pods Frameworks */,
			);
			buildRules = (
			);
			dependencies = (
				DC4CBFA726F7F73500274AFD /* PBXTargetDependency */,
			);
			name = flixsterUITests;
			productName = flixsterUITests;
			productReference = DC4CBFA526F7F73500274AFD /* flixsterUITests.xctest */;
			productType = "com.apple.product-type.bundle.ui-testing";
		};
/* End PBXNativeTarget section */

/* Begin PBXProject section */
		DC4CBF7C26F7F73200274AFD /* Project object */ = {
			isa = PBXProject;
			attributes = {
				LastSwiftUpdateCheck = 1250;
				LastUpgradeCheck = 1250;
				TargetAttributes = {
					DC4CBF8326F7F73200274AFD = {
						CreatedOnToolsVersion = 12.5.1;
					};
					DC4CBF9926F7F73500274AFD = {
						CreatedOnToolsVersion = 12.5.1;
						TestTargetID = DC4CBF8326F7F73200274AFD;
					};
					DC4CBFA426F7F73500274AFD = {
						CreatedOnToolsVersion = 12.5.1;
						TestTargetID = DC4CBF8326F7F73200274AFD;
					};
				};
			};
			buildConfigurationList = DC4CBF7F26F7F73200274AFD /* Build configuration list for PBXProject "flixster" */;
			compatibilityVersion = "Xcode 9.3";
			developmentRegion = en;
			hasScannedForEncodings = 0;
			knownRegions = (
				en,
				Base,
			);
			mainGroup = DC4CBF7B26F7F73200274AFD;
			productRefGroup = DC4CBF8526F7F73200274AFD /* Products */;
			projectDirPath = "";
			projectRoot = "";
			targets = (
				DC4CBF8326F7F73200274AFD /* flixster */,
				DC4CBF9926F7F73500274AFD /* flixsterTests */,
				DC4CBFA426F7F73500274AFD /* flixsterUITests */,
			);
		};
/* End PBXProject section */

/* Begin PBXResourcesBuildPhase section */
		DC4CBF8226F7F73200274AFD /* Resources */ = {
			isa = PBXResourcesBuildPhase;
			buildActionMask = 2147483647;
			files = (
				DC4CBF9426F7F73400274AFD /* LaunchScreen.storyboard in Resources */,
				DC4CBF9126F7F73400274AFD /* Assets.xcassets in Resources */,
				DC4CBF8F26F7F73200274AFD /* Main.storyboard in Resources */,
			);
			runOnlyForDeploymentPostprocessing = 0;
		};
		DC4CBF9826F7F73500274AFD /* Resources */ = {
			isa = PBXResourcesBuildPhase;
			buildActionMask = 2147483647;
			files = (
			);
			runOnlyForDeploymentPostprocessing = 0;
		};
		DC4CBFA326F7F73500274AFD /* Resources */ = {
			isa = PBXResourcesBuildPhase;
			buildActionMask = 2147483647;
			files = (
			);
			runOnlyForDeploymentPostprocessing = 0;
		};
/* End PBXResourcesBuildPhase section */

/* Begin PBXShellScriptBuildPhase section */
		0E0C28DBD3BF1C46FFB96A2D /* [CP] Embed Pods Frameworks */ = {
			isa = PBXShellScriptBuildPhase;
			buildActionMask = 2147483647;
			files = (
			);
			inputFileListPaths = (
				"${PODS_ROOT}/Target Support Files/Pods-flixster-flixsterUITests/Pods-flixster-flixsterUITests-frameworks-${CONFIGURATION}-input-files.xcfilelist",
			);
			name = "[CP] Embed Pods Frameworks";
			outputFileListPaths = (
				"${PODS_ROOT}/Target Support Files/Pods-flixster-flixsterUITests/Pods-flixster-flixsterUITests-frameworks-${CONFIGURATION}-output-files.xcfilelist",
			);
			runOnlyForDeploymentPostprocessing = 0;
			shellPath = /bin/sh;
			shellScript = "\"${PODS_ROOT}/Target Support Files/Pods-flixster-flixsterUITests/Pods-flixster-flixsterUITests-frameworks.sh\"\n";
			showEnvVarsInLog = 0;
		};
		3EFEC917142F5B6CFD5C73D4 /* [CP] Check Pods Manifest.lock */ = {
			isa = PBXShellScriptBuildPhase;
			buildActionMask = 2147483647;
			files = (
			);
			inputFileListPaths = (
			);
			inputPaths = (
				"${PODS_PODFILE_DIR_PATH}/Podfile.lock",
				"${PODS_ROOT}/Manifest.lock",
			);
			name = "[CP] Check Pods Manifest.lock";
			outputFileListPaths = (
			);
			outputPaths = (
				"$(DERIVED_FILE_DIR)/Pods-flixster-flixsterUITests-checkManifestLockResult.txt",
			);
			runOnlyForDeploymentPostprocessing = 0;
			shellPath = /bin/sh;
			shellScript = "diff \"${PODS_PODFILE_DIR_PATH}/Podfile.lock\" \"${PODS_ROOT}/Manifest.lock\" > /dev/null\nif [ $? != 0 ] ; then\n    # print error to STDERR\n    echo \"error: The sandbox is not in sync with the Podfile.lock. Run 'pod install' or update your CocoaPods installation.\" >&2\n    exit 1\nfi\n# This output is used by Xcode 'outputs' to avoid re-running this script phase.\necho \"SUCCESS\" > \"${SCRIPT_OUTPUT_FILE_0}\"\n";
			showEnvVarsInLog = 0;
		};
		A9A15181DD4A1FA768FF4FFE /* [CP] Embed Pods Frameworks */ = {
			isa = PBXShellScriptBuildPhase;
			buildActionMask = 2147483647;
			files = (
			);
			inputFileListPaths = (
				"${PODS_ROOT}/Target Support Files/Pods-flixster/Pods-flixster-frameworks-${CONFIGURATION}-input-files.xcfilelist",
			);
			name = "[CP] Embed Pods Frameworks";
			outputFileListPaths = (
				"${PODS_ROOT}/Target Support Files/Pods-flixster/Pods-flixster-frameworks-${CONFIGURATION}-output-files.xcfilelist",
			);
			runOnlyForDeploymentPostprocessing = 0;
			shellPath = /bin/sh;
			shellScript = "\"${PODS_ROOT}/Target Support Files/Pods-flixster/Pods-flixster-frameworks.sh\"\n";
			showEnvVarsInLog = 0;
		};
		B515FB1738641B2F7CC17B4E /* [CP] Check Pods Manifest.lock */ = {
			isa = PBXShellScriptBuildPhase;
			buildActionMask = 2147483647;
			files = (
			);
			inputFileListPaths = (
			);
			inputPaths = (
				"${PODS_PODFILE_DIR_PATH}/Podfile.lock",
				"${PODS_ROOT}/Manifest.lock",
			);
			name = "[CP] Check Pods Manifest.lock";
			outputFileListPaths = (
			);
			outputPaths = (
				"$(DERIVED_FILE_DIR)/Pods-flixster-checkManifestLockResult.txt",
			);
			runOnlyForDeploymentPostprocessing = 0;
			shellPath = /bin/sh;
			shellScript = "diff \"${PODS_PODFILE_DIR_PATH}/Podfile.lock\" \"${PODS_ROOT}/Manifest.lock\" > /dev/null\nif [ $? != 0 ] ; then\n    # print error to STDERR\n    echo \"error: The sandbox is not in sync with the Podfile.lock. Run 'pod install' or update your CocoaPods installation.\" >&2\n    exit 1\nfi\n# This output is used by Xcode 'outputs' to avoid re-running this script phase.\necho \"SUCCESS\" > \"${SCRIPT_OUTPUT_FILE_0}\"\n";
			showEnvVarsInLog = 0;
		};
		E6323FA97287E6F001AD75B5 /* [CP] Check Pods Manifest.lock */ = {
			isa = PBXShellScriptBuildPhase;
			buildActionMask = 2147483647;
			files = (
			);
			inputFileListPaths = (
			);
			inputPaths = (
				"${PODS_PODFILE_DIR_PATH}/Podfile.lock",
				"${PODS_ROOT}/Manifest.lock",
			);
			name = "[CP] Check Pods Manifest.lock";
			outputFileListPaths = (
			);
			outputPaths = (
				"$(DERIVED_FILE_DIR)/Pods-flixsterTests-checkManifestLockResult.txt",
			);
			runOnlyForDeploymentPostprocessing = 0;
			shellPath = /bin/sh;
			shellScript = "diff \"${PODS_PODFILE_DIR_PATH}/Podfile.lock\" \"${PODS_ROOT}/Manifest.lock\" > /dev/null\nif [ $? != 0 ] ; then\n    # print error to STDERR\n    echo \"error: The sandbox is not in sync with the Podfile.lock. Run 'pod install' or update your CocoaPods installation.\" >&2\n    exit 1\nfi\n# This output is used by Xcode 'outputs' to avoid re-running this script phase.\necho \"SUCCESS\" > \"${SCRIPT_OUTPUT_FILE_0}\"\n";
			showEnvVarsInLog = 0;
		};
/* End PBXShellScriptBuildPhase section */

/* Begin PBXSourcesBuildPhase section */
		DC4CBF8026F7F73200274AFD /* Sources */ = {
			isa = PBXSourcesBuildPhase;
			buildActionMask = 2147483647;
			files = (
				DCEFDF8C26F820B200A255F4 /* MovieDetailsViewController.swift in Sources */,
				DC4CBF8826F7F73200274AFD /* AppDelegate.swift in Sources */,
				DC4CBF8A26F7F73200274AFD /* SceneDelegate.swift in Sources */,
				DCEFDF8A26F80EA500A255F4 /* MovieCell.swift in Sources */,
				DC4CBFB826F7F98900274AFD /* MoviesViewController.swift in Sources */,
				DCEFDF8E26F82BDF00A255F4 /* MovieGridViewController.swift in Sources */,
				DCEFDF9026F8311000A255F4 /* MovieGridCell.swift in Sources */,
			);
			runOnlyForDeploymentPostprocessing = 0;
		};
		DC4CBF9626F7F73500274AFD /* Sources */ = {
			isa = PBXSourcesBuildPhase;
			buildActionMask = 2147483647;
			files = (
				DC4CBF9F26F7F73500274AFD /* flixsterTests.swift in Sources */,
			);
			runOnlyForDeploymentPostprocessing = 0;
		};
		DC4CBFA126F7F73500274AFD /* Sources */ = {
			isa = PBXSourcesBuildPhase;
			buildActionMask = 2147483647;
			files = (
				DC4CBFAA26F7F73500274AFD /* flixsterUITests.swift in Sources */,
			);
			runOnlyForDeploymentPostprocessing = 0;
		};
/* End PBXSourcesBuildPhase section */

/* Begin PBXTargetDependency section */
		DC4CBF9C26F7F73500274AFD /* PBXTargetDependency */ = {
			isa = PBXTargetDependency;
			target = DC4CBF8326F7F73200274AFD /* flixster */;
			targetProxy = DC4CBF9B26F7F73500274AFD /* PBXContainerItemProxy */;
		};
		DC4CBFA726F7F73500274AFD /* PBXTargetDependency */ = {
			isa = PBXTargetDependency;
			target = DC4CBF8326F7F73200274AFD /* flixster */;
			targetProxy = DC4CBFA626F7F73500274AFD /* PBXContainerItemProxy */;
		};
/* End PBXTargetDependency section */

/* Begin PBXVariantGroup section */
		DC4CBF8D26F7F73200274AFD /* Main.storyboard */ = {
			isa = PBXVariantGroup;
			children = (
				DC4CBF8E26F7F73200274AFD /* Base */,
			);
			name = Main.storyboard;
			sourceTree = "<group>";
		};
		DC4CBF9226F7F73400274AFD /* LaunchScreen.storyboard */ = {
			isa = PBXVariantGroup;
			children = (
				DC4CBF9326F7F73400274AFD /* Base */,
			);
			name = LaunchScreen.storyboard;
			sourceTree = "<group>";
		};
/* End PBXVariantGroup section */

/* Begin XCBuildConfiguration section */
		DC4CBFAC26F7F73500274AFD /* Debug */ = {
			isa = XCBuildConfiguration;
			buildSettings = {
				ALWAYS_SEARCH_USER_PATHS = NO;
				CLANG_ANALYZER_NONNULL = YES;
				CLANG_ANALYZER_NUMBER_OBJECT_CONVERSION = YES_AGGRESSIVE;
				CLANG_CXX_LANGUAGE_STANDARD = "gnu++14";
				CLANG_CXX_LIBRARY = "libc++";
				CLANG_ENABLE_MODULES = YES;
				CLANG_ENABLE_OBJC_ARC = YES;
				CLANG_ENABLE_OBJC_WEAK = YES;
				CLANG_WARN_BLOCK_CAPTURE_AUTORELEASING = YES;
				CLANG_WARN_BOOL_CONVERSION = YES;
				CLANG_WARN_COMMA = YES;
				CLANG_WARN_CONSTANT_CONVERSION = YES;
				CLANG_WARN_DEPRECATED_OBJC_IMPLEMENTATIONS = YES;
				CLANG_WARN_DIRECT_OBJC_ISA_USAGE = YES_ERROR;
				CLANG_WARN_DOCUMENTATION_COMMENTS = YES;
				CLANG_WARN_EMPTY_BODY = YES;
				CLANG_WARN_ENUM_CONVERSION = YES;
				CLANG_WARN_INFINITE_RECURSION = YES;
				CLANG_WARN_INT_CONVERSION = YES;
				CLANG_WARN_NON_LITERAL_NULL_CONVERSION = YES;
				CLANG_WARN_OBJC_IMPLICIT_RETAIN_SELF = YES;
				CLANG_WARN_OBJC_LITERAL_CONVERSION = YES;
				CLANG_WARN_OBJC_ROOT_CLASS = YES_ERROR;
				CLANG_WARN_QUOTED_INCLUDE_IN_FRAMEWORK_HEADER = YES;
				CLANG_WARN_RANGE_LOOP_ANALYSIS = YES;
				CLANG_WARN_STRICT_PROTOTYPES = YES;
				CLANG_WARN_SUSPICIOUS_MOVE = YES;
				CLANG_WARN_UNGUARDED_AVAILABILITY = YES_AGGRESSIVE;
				CLANG_WARN_UNREACHABLE_CODE = YES;
				CLANG_WARN__DUPLICATE_METHOD_MATCH = YES;
				COPY_PHASE_STRIP = NO;
				DEBUG_INFORMATION_FORMAT = dwarf;
				ENABLE_STRICT_OBJC_MSGSEND = YES;
				ENABLE_TESTABILITY = YES;
				GCC_C_LANGUAGE_STANDARD = gnu11;
				GCC_DYNAMIC_NO_PIC = NO;
				GCC_NO_COMMON_BLOCKS = YES;
				GCC_OPTIMIZATION_LEVEL = 0;
				GCC_PREPROCESSOR_DEFINITIONS = (
					"DEBUG=1",
					"$(inherited)",
				);
				GCC_WARN_64_TO_32_BIT_CONVERSION = YES;
				GCC_WARN_ABOUT_RETURN_TYPE = YES_ERROR;
				GCC_WARN_UNDECLARED_SELECTOR = YES;
				GCC_WARN_UNINITIALIZED_AUTOS = YES_AGGRESSIVE;
				GCC_WARN_UNUSED_FUNCTION = YES;
				GCC_WARN_UNUSED_VARIABLE = YES;
				IPHONEOS_DEPLOYMENT_TARGET = 14.5;
				MTL_ENABLE_DEBUG_INFO = INCLUDE_SOURCE;
				MTL_FAST_MATH = YES;
				ONLY_ACTIVE_ARCH = YES;
				SDKROOT = iphoneos;
				SWIFT_ACTIVE_COMPILATION_CONDITIONS = DEBUG;
				SWIFT_OPTIMIZATION_LEVEL = "-Onone";
			};
			name = Debug;
		};
		DC4CBFAD26F7F73500274AFD /* Release */ = {
			isa = XCBuildConfiguration;
			buildSettings = {
				ALWAYS_SEARCH_USER_PATHS = NO;
				CLANG_ANALYZER_NONNULL = YES;
				CLANG_ANALYZER_NUMBER_OBJECT_CONVERSION = YES_AGGRESSIVE;
				CLANG_CXX_LANGUAGE_STANDARD = "gnu++14";
				CLANG_CXX_LIBRARY = "libc++";
				CLANG_ENABLE_MODULES = YES;
				CLANG_ENABLE_OBJC_ARC = YES;
				CLANG_ENABLE_OBJC_WEAK = YES;
				CLANG_WARN_BLOCK_CAPTURE_AUTORELEASING = YES;
				CLANG_WARN_BOOL_CONVERSION = YES;
				CLANG_WARN_COMMA = YES;
				CLANG_WARN_CONSTANT_CONVERSION = YES;
				CLANG_WARN_DEPRECATED_OBJC_IMPLEMENTATIONS = YES;
				CLANG_WARN_DIRECT_OBJC_ISA_USAGE = YES_ERROR;
				CLANG_WARN_DOCUMENTATION_COMMENTS = YES;
				CLANG_WARN_EMPTY_BODY = YES;
				CLANG_WARN_ENUM_CONVERSION = YES;
				CLANG_WARN_INFINITE_RECURSION = YES;
				CLANG_WARN_INT_CONVERSION = YES;
				CLANG_WARN_NON_LITERAL_NULL_CONVERSION = YES;
				CLANG_WARN_OBJC_IMPLICIT_RETAIN_SELF = YES;
				CLANG_WARN_OBJC_LITERAL_CONVERSION = YES;
				CLANG_WARN_OBJC_ROOT_CLASS = YES_ERROR;
				CLANG_WARN_QUOTED_INCLUDE_IN_FRAMEWORK_HEADER = YES;
				CLANG_WARN_RANGE_LOOP_ANALYSIS = YES;
				CLANG_WARN_STRICT_PROTOTYPES = YES;
				CLANG_WARN_SUSPICIOUS_MOVE = YES;
				CLANG_WARN_UNGUARDED_AVAILABILITY = YES_AGGRESSIVE;
				CLANG_WARN_UNREACHABLE_CODE = YES;
				CLANG_WARN__DUPLICATE_METHOD_MATCH = YES;
				COPY_PHASE_STRIP = NO;
				DEBUG_INFORMATION_FORMAT = "dwarf-with-dsym";
				ENABLE_NS_ASSERTIONS = NO;
				ENABLE_STRICT_OBJC_MSGSEND = YES;
				GCC_C_LANGUAGE_STANDARD = gnu11;
				GCC_NO_COMMON_BLOCKS = YES;
				GCC_WARN_64_TO_32_BIT_CONVERSION = YES;
				GCC_WARN_ABOUT_RETURN_TYPE = YES_ERROR;
				GCC_WARN_UNDECLARED_SELECTOR = YES;
				GCC_WARN_UNINITIALIZED_AUTOS = YES_AGGRESSIVE;
				GCC_WARN_UNUSED_FUNCTION = YES;
				GCC_WARN_UNUSED_VARIABLE = YES;
				IPHONEOS_DEPLOYMENT_TARGET = 14.5;
				MTL_ENABLE_DEBUG_INFO = NO;
				MTL_FAST_MATH = YES;
				SDKROOT = iphoneos;
				SWIFT_COMPILATION_MODE = wholemodule;
				SWIFT_OPTIMIZATION_LEVEL = "-O";
				VALIDATE_PRODUCT = YES;
			};
			name = Release;
		};
		DC4CBFAF26F7F73500274AFD /* Debug */ = {
			isa = XCBuildConfiguration;
			baseConfigurationReference = B07CEAF1DBE05D9ECE6E744D /* Pods-flixster.debug.xcconfig */;
			buildSettings = {
				ASSETCATALOG_COMPILER_APPICON_NAME = AppIcon;
				ASSETCATALOG_COMPILER_GLOBAL_ACCENT_COLOR_NAME = AccentColor;
				CODE_SIGN_STYLE = Automatic;
				INFOPLIST_FILE = flixster/Info.plist;
				LD_RUNPATH_SEARCH_PATHS = (
					"$(inherited)",
					"@executable_path/Frameworks",
				);
				PRODUCT_BUNDLE_IDENTIFIER = com.codepath.flixster;
				PRODUCT_NAME = "$(TARGET_NAME)";
				SWIFT_VERSION = 5.0;
				TARGETED_DEVICE_FAMILY = "1,2";
			};
			name = Debug;
		};
		DC4CBFB026F7F73500274AFD /* Release */ = {
			isa = XCBuildConfiguration;
			baseConfigurationReference = 8E2B525F16122F4F9B3CB0BC /* Pods-flixster.release.xcconfig */;
			buildSettings = {
				ASSETCATALOG_COMPILER_APPICON_NAME = AppIcon;
				ASSETCATALOG_COMPILER_GLOBAL_ACCENT_COLOR_NAME = AccentColor;
				CODE_SIGN_STYLE = Automatic;
				INFOPLIST_FILE = flixster/Info.plist;
				LD_RUNPATH_SEARCH_PATHS = (
					"$(inherited)",
					"@executable_path/Frameworks",
				);
				PRODUCT_BUNDLE_IDENTIFIER = com.codepath.flixster;
				PRODUCT_NAME = "$(TARGET_NAME)";
				SWIFT_VERSION = 5.0;
				TARGETED_DEVICE_FAMILY = "1,2";
			};
			name = Release;
		};
		DC4CBFB226F7F73500274AFD /* Debug */ = {
			isa = XCBuildConfiguration;
			baseConfigurationReference = 0C3F852BD9C1146C7D320A2B /* Pods-flixsterTests.debug.xcconfig */;
			buildSettings = {
				ALWAYS_EMBED_SWIFT_STANDARD_LIBRARIES = YES;
				BUNDLE_LOADER = "$(TEST_HOST)";
				CODE_SIGN_STYLE = Automatic;
				INFOPLIST_FILE = flixsterTests/Info.plist;
				IPHONEOS_DEPLOYMENT_TARGET = 14.5;
				LD_RUNPATH_SEARCH_PATHS = (
					"$(inherited)",
					"@executable_path/Frameworks",
					"@loader_path/Frameworks",
				);
				PRODUCT_BUNDLE_IDENTIFIER = com.codepath.flixsterTests;
				PRODUCT_NAME = "$(TARGET_NAME)";
				SWIFT_VERSION = 5.0;
				TARGETED_DEVICE_FAMILY = "1,2";
				TEST_HOST = "$(BUILT_PRODUCTS_DIR)/flixster.app/flixster";
			};
			name = Debug;
		};
		DC4CBFB326F7F73500274AFD /* Release */ = {
			isa = XCBuildConfiguration;
			baseConfigurationReference = 9B362140ABCB385CA0593F65 /* Pods-flixsterTests.release.xcconfig */;
			buildSettings = {
				ALWAYS_EMBED_SWIFT_STANDARD_LIBRARIES = YES;
				BUNDLE_LOADER = "$(TEST_HOST)";
				CODE_SIGN_STYLE = Automatic;
				INFOPLIST_FILE = flixsterTests/Info.plist;
				IPHONEOS_DEPLOYMENT_TARGET = 14.5;
				LD_RUNPATH_SEARCH_PATHS = (
					"$(inherited)",
					"@executable_path/Frameworks",
					"@loader_path/Frameworks",
				);
				PRODUCT_BUNDLE_IDENTIFIER = com.codepath.flixsterTests;
				PRODUCT_NAME = "$(TARGET_NAME)";
				SWIFT_VERSION = 5.0;
				TARGETED_DEVICE_FAMILY = "1,2";
				TEST_HOST = "$(BUILT_PRODUCTS_DIR)/flixster.app/flixster";
			};
			name = Release;
		};
		DC4CBFB526F7F73500274AFD /* Debug */ = {
			isa = XCBuildConfiguration;
			baseConfigurationReference = 12A092BAA2752C774D387BEC /* Pods-flixster-flixsterUITests.debug.xcconfig */;
			buildSettings = {
				ALWAYS_EMBED_SWIFT_STANDARD_LIBRARIES = YES;
				CODE_SIGN_STYLE = Automatic;
				INFOPLIST_FILE = flixsterUITests/Info.plist;
				LD_RUNPATH_SEARCH_PATHS = (
					"$(inherited)",
					"@executable_path/Frameworks",
					"@loader_path/Frameworks",
				);
				PRODUCT_BUNDLE_IDENTIFIER = com.codepath.flixsterUITests;
				PRODUCT_NAME = "$(TARGET_NAME)";
				SWIFT_VERSION = 5.0;
				TARGETED_DEVICE_FAMILY = "1,2";
				TEST_TARGET_NAME = flixster;
			};
			name = Debug;
		};
		DC4CBFB626F7F73500274AFD /* Release */ = {
			isa = XCBuildConfiguration;
			baseConfigurationReference = 90B0302F3CC65AA25C169025 /* Pods-flixster-flixsterUITests.release.xcconfig */;
			buildSettings = {
				ALWAYS_EMBED_SWIFT_STANDARD_LIBRARIES = YES;
				CODE_SIGN_STYLE = Automatic;
				INFOPLIST_FILE = flixsterUITests/Info.plist;
				LD_RUNPATH_SEARCH_PATHS = (
					"$(inherited)",
					"@executable_path/Frameworks",
					"@loader_path/Frameworks",
				);
				PRODUCT_BUNDLE_IDENTIFIER = com.codepath.flixsterUITests;
				PRODUCT_NAME = "$(TARGET_NAME)";
				SWIFT_VERSION = 5.0;
				TARGETED_DEVICE_FAMILY = "1,2";
				TEST_TARGET_NAME = flixster;
			};
			name = Release;
		};
/* End XCBuildConfiguration section */

/* Begin XCConfigurationList section */
		DC4CBF7F26F7F73200274AFD /* Build configuration list for PBXProject "flixster" */ = {
			isa = XCConfigurationList;
			buildConfigurations = (
				DC4CBFAC26F7F73500274AFD /* Debug */,
				DC4CBFAD26F7F73500274AFD /* Release */,
			);
			defaultConfigurationIsVisible = 0;
			defaultConfigurationName = Release;
		};
		DC4CBFAE26F7F73500274AFD /* Build configuration list for PBXNativeTarget "flixster" */ = {
			isa = XCConfigurationList;
			buildConfigurations = (
				DC4CBFAF26F7F73500274AFD /* Debug */,
				DC4CBFB026F7F73500274AFD /* Release */,
			);
			defaultConfigurationIsVisible = 0;
			defaultConfigurationName = Release;
		};
		DC4CBFB126F7F73500274AFD /* Build configuration list for PBXNativeTarget "flixsterTests" */ = {
			isa = XCConfigurationList;
			buildConfigurations = (
				DC4CBFB226F7F73500274AFD /* Debug */,
				DC4CBFB326F7F73500274AFD /* Release */,
			);
			defaultConfigurationIsVisible = 0;
			defaultConfigurationName = Release;
		};
		DC4CBFB426F7F73500274AFD /* Build configuration list for PBXNativeTarget "flixsterUITests" */ = {
			isa = XCConfigurationList;
			buildConfigurations = (
				DC4CBFB526F7F73500274AFD /* Debug */,
				DC4CBFB626F7F73500274AFD /* Release */,
			);
			defaultConfigurationIsVisible = 0;
			defaultConfigurationName = Release;
		};
/* End XCConfigurationList section */
	};
	rootObject = DC4CBF7C26F7F73200274AFD /* Project object */;
}
